
Microsoft Visual Studio Solution File, Format Version 12.00
# Visual Studio 2013
VisualStudioVersion = 12.0.40629.0
MinimumVisualStudioVersion = 10.0.40219.1
Project("{FAE04EC0-301F-11D3-BF4B-00C04F79EFBC}") = "ColeoWeb", "ColeoWeb\ColeoWeb.csproj", "{4CA7D3A9-C545-4FAF-B200-9241CBC658C0}"
EndProject
Project("{FAE04EC0-301F-11D3-BF4B-00C04F79EFBC}") = "ColeoDataLayer", "ColeoDataLayer\ColeoDataLayer.csproj", "{1B0DC33C-C7BF-4188-95DD-E1E4B8C4B157}"
EndProject
Project("{FAE04EC0-301F-11D3-BF4B-00C04F79EFBC}") = "MailSender", "MailSender\MailSender.csproj", "{B44C1385-0540-4282-9296-F03555E4DA96}"
EndProject
Global
	GlobalSection(SolutionConfigurationPlatforms) = preSolution
		Debug|Any CPU = Debug|Any CPU
		Release|Any CPU = Release|Any CPU
	EndGlobalSection
	GlobalSection(ProjectConfigurationPlatforms) = postSolution
		{4CA7D3A9-C545-4FAF-B200-9241CBC658C0}.Debug|Any CPU.ActiveCfg = Debug|Any CPU
		{4CA7D3A9-C545-4FAF-B200-9241CBC658C0}.Debug|Any CPU.Build.0 = Debug|Any CPU
		{4CA7D3A9-C545-4FAF-B200-9241CBC658C0}.Release|Any CPU.ActiveCfg = Release|Any CPU
		{4CA7D3A9-C545-4FAF-B200-9241CBC658C0}.Release|Any CPU.Build.0 = Release|Any CPU
		{1B0DC33C-C7BF-4188-95DD-E1E4B8C4B157}.Debug|Any CPU.ActiveCfg = Debug|Any CPU
		{1B0DC33C-C7BF-4188-95DD-E1E4B8C4B157}.Debug|Any CPU.Build.0 = Debug|Any CPU
		{1B0DC33C-C7BF-4188-95DD-E1E4B8C4B157}.Release|Any CPU.ActiveCfg = Release|Any CPU
		{1B0DC33C-C7BF-4188-95DD-E1E4B8C4B157}.Release|Any CPU.Build.0 = Release|Any CPU
		{B44C1385-0540-4282-9296-F03555E4DA96}.Debug|Any CPU.ActiveCfg = Debug|Any CPU
		{B44C1385-0540-4282-9296-F03555E4DA96}.Debug|Any CPU.Build.0 = Debug|Any CPU
		{B44C1385-0540-4282-9296-F03555E4DA96}.Release|Any CPU.ActiveCfg = Release|Any CPU
		{B44C1385-0540-4282-9296-F03555E4DA96}.Release|Any CPU.Build.0 = Release|Any CPU
	EndGlobalSection
	GlobalSection(SolutionProperties) = preSolution
		HideSolutionNode = FALSE
	EndGlobalSection
EndGlobal
